<Solution>
  <Project Path="EquillibriumERP.Core.Abstractions/EquillibriumERP.Core.Abstractions.csproj" />
  <Project Path="EquillibriumERP.Core.Api/EquillibriumERP.Core.Api.csproj" />
  <Project Path="EquillibriumERP.ControlPlane/EquillibriumERP.ControlPlane.csproj" />
  <Project Path="EquillibriumERP.Core.Identity/EquillibriumERP.Core.Identity.csproj" />
  <Project Path="EquillibriumERP.Core.Infrastructure/EquillibriumERP.Core.Infrastructure.csproj" />
  <Project Path="EquillibriumERP.Core.Onboarding/EquillibriumERP.Core.Onboarding.csproj" />
  <Project Path="EquillibriumERP.LIMS/EquillibriumERP.LIMS.csproj" />
  <Project Path="EquillibriumERP.Products/EquillibriumERP.Products.csproj" />
  <Project Path="EquillibriumERP.Purchasing/EquillibriumERP.Purchasing.csproj" />
  <Project Path="EquillibriumERP.Sales/EquillibriumERP.Sales.csproj" />
  <Project Path="EquillibriumERP.SharedKernel/EquillibriumERP.SharedKernel.csproj" />

  <!--<Project Path="EquillibriumERP.Manufacturing/EquillibriumERP.Manufacturing.csproj" />-->
  <!--<Project Path="EquillibriumERP.Inventory/EquillibriumERP.Inventory.csproj" />-->
  <!--<Project Path="EquillibriumERP.Quality/EquillibriumERP.Quality.csproj" />-->
  <!--<Project Path="EquillibriumERP.IoT/EquillibriumERP.IoT.csproj" />-->
  
  <!--<Project Path="EquillibriumERP.MES/EquillibriumERP.MES.csproj" />-->
  
  
</Solution>
